{
  "nodes": {
    "nixpkgs": {
      "locked": {
        "lastModified": 1775749320,
        "narHash": "sha256-msT6frWJSQ2WR+0cpk+KPcZdLTLagUIsJwQwIX9JNSo=",
        "owner": "nixos",
        "repo": "nixpkgs",
        "rev": "74b87959b2d16f59f54d8559cf3cf26b9d907949",
        "type": "github"
      },
      "original": {
        "owner": "nixos",
        "ref": "nixpkgs-25.11-darwin",
        "repo": "nixpkgs",
        "type": "github"
      }
    },
    "root": {
      "inputs": {
        "nixpkgs": "nixpkgs"
      }
    }
  },
  "root": "root",
  "version": 7
}
